
Microsoft Visual Studio Solution File, Format Version 12.00
# Visual Studio 15
VisualStudioVersion = 15.0.28307.329
MinimumVisualStudioVersion = 10.0.40219.1
Project("{2150E333-8FDC-42A3-9474-1A3956D46DE8}") = "src", "src", "{B1F36829-C050-434E-BAB3-0A765AE7A4D6}"
EndProject
Project("{FAE04EC0-301F-11D3-BF4B-00C04F79EFBC}") = "Web", "Web\Web.csproj", "{982A114C-6FEE-4085-A8E5-E6067BB6088A}"
EndProject
Project("{FAE04EC0-301F-11D3-BF4B-00C04F79EFBC}") = "Infrastructure", "Infrastructure\Infrastructure.csproj", "{C8B41845-3776-434D-B9B5-BADAD83F3C37}"
EndProject
Project("{FAE04EC0-301F-11D3-BF4B-00C04F79EFBC}") = "Core", "Core\Core.csproj", "{0A40DCEC-FB29-4CE4-884F-D469140CB729}"
EndProject
Project("{00D1A9C2-B5F0-4AF3-8072-F6C62B433612}") = "MyIdentityDatabase", "MyIdentityDatabase\MyIdentityDatabase.sqlproj", "{87E356BB-3C5E-4893-A7EE-616EBB1B0525}"
EndProject
Global
	GlobalSection(SolutionConfigurationPlatforms) = preSolution
		Debug|Any CPU = Debug|Any CPU
		Release|Any CPU = Release|Any CPU
	EndGlobalSection
	GlobalSection(ProjectConfigurationPlatforms) = postSolution
		{982A114C-6FEE-4085-A8E5-E6067BB6088A}.Debug|Any CPU.ActiveCfg = Debug|Any CPU
		{982A114C-6FEE-4085-A8E5-E6067BB6088A}.Debug|Any CPU.Build.0 = Debug|Any CPU
		{982A114C-6FEE-4085-A8E5-E6067BB6088A}.Release|Any CPU.ActiveCfg = Release|Any CPU
		{982A114C-6FEE-4085-A8E5-E6067BB6088A}.Release|Any CPU.Build.0 = Release|Any CPU
		{C8B41845-3776-434D-B9B5-BADAD83F3C37}.Debug|Any CPU.ActiveCfg = Debug|Any CPU
		{C8B41845-3776-434D-B9B5-BADAD83F3C37}.Debug|Any CPU.Build.0 = Debug|Any CPU
		{C8B41845-3776-434D-B9B5-BADAD83F3C37}.Release|Any CPU.ActiveCfg = Release|Any CPU
		{C8B41845-3776-434D-B9B5-BADAD83F3C37}.Release|Any CPU.Build.0 = Release|Any CPU
		{0A40DCEC-FB29-4CE4-884F-D469140CB729}.Debug|Any CPU.ActiveCfg = Debug|Any CPU
		{0A40DCEC-FB29-4CE4-884F-D469140CB729}.Debug|Any CPU.Build.0 = Debug|Any CPU
		{0A40DCEC-FB29-4CE4-884F-D469140CB729}.Release|Any CPU.ActiveCfg = Release|Any CPU
		{0A40DCEC-FB29-4CE4-884F-D469140CB729}.Release|Any CPU.Build.0 = Release|Any CPU
		{87E356BB-3C5E-4893-A7EE-616EBB1B0525}.Debug|Any CPU.ActiveCfg = Debug|Any CPU
		{87E356BB-3C5E-4893-A7EE-616EBB1B0525}.Debug|Any CPU.Build.0 = Debug|Any CPU
		{87E356BB-3C5E-4893-A7EE-616EBB1B0525}.Debug|Any CPU.Deploy.0 = Debug|Any CPU
		{87E356BB-3C5E-4893-A7EE-616EBB1B0525}.Release|Any CPU.ActiveCfg = Release|Any CPU
		{87E356BB-3C5E-4893-A7EE-616EBB1B0525}.Release|Any CPU.Build.0 = Release|Any CPU
		{87E356BB-3C5E-4893-A7EE-616EBB1B0525}.Release|Any CPU.Deploy.0 = Release|Any CPU
	EndGlobalSection
	GlobalSection(SolutionProperties) = preSolution
		HideSolutionNode = FALSE
	EndGlobalSection
	GlobalSection(NestedProjects) = preSolution
		{982A114C-6FEE-4085-A8E5-E6067BB6088A} = {B1F36829-C050-434E-BAB3-0A765AE7A4D6}
		{C8B41845-3776-434D-B9B5-BADAD83F3C37} = {B1F36829-C050-434E-BAB3-0A765AE7A4D6}
		{0A40DCEC-FB29-4CE4-884F-D469140CB729} = {B1F36829-C050-434E-BAB3-0A765AE7A4D6}
		{87E356BB-3C5E-4893-A7EE-616EBB1B0525} = {B1F36829-C050-434E-BAB3-0A765AE7A4D6}
	EndGlobalSection
	GlobalSection(ExtensibilityGlobals) = postSolution
		SolutionGuid = {A425E52F-9525-45EC-A8D9-7269087281F2}
	EndGlobalSection
EndGlobal
